Microsoft Visual Studio Solution File, Format Version 8.00
Project("{8BC9CEB8-8B4A-11D0-8D11-00A0C91BC942}") = "GiGiNet", "GiGiNet\GiGiNet.vcproj", "{00303720-F1C2-4A7E-A7B6-EF66D8FCDB63}"
	ProjectSection(ProjectDependencies) = postProject
	EndProjectSection
EndProject
Project("{8BC9CEB8-8B4A-11D0-8D11-00A0C91BC942}") = "GiGiSDL", "GiGiSDL\GiGiSDL.vcproj", "{6A3C2F45-56E8-48F2-879F-4D93E3B1D4F1}"
	ProjectSection(ProjectDependencies) = postProject
		{05756E1C-C8EC-4D31-8BA1-B740B27621E9} = {05756E1C-C8EC-4D31-8BA1-B740B27621E9}
		{00303720-F1C2-4A7E-A7B6-EF66D8FCDB63} = {00303720-F1C2-4A7E-A7B6-EF66D8FCDB63}
	EndProjectSection
EndProject
Project("{8BC9CEB8-8B4A-11D0-8D11-00A0C91BC942}") = "GiGi", "GiGi\GiGi.vcproj", "{05756E1C-C8EC-4D31-8BA1-B740B27621E9}"
	ProjectSection(ProjectDependencies) = postProject
		{00303720-F1C2-4A7E-A7B6-EF66D8FCDB63} = {00303720-F1C2-4A7E-A7B6-EF66D8FCDB63}
	EndProjectSection
EndProject
Global
	GlobalSection(SolutionConfiguration) = preSolution
		Debug = Debug
		Release = Release
	EndGlobalSection
	GlobalSection(ProjectConfiguration) = postSolution
		{00303720-F1C2-4A7E-A7B6-EF66D8FCDB63}.Debug.ActiveCfg = Release|Win32
		{00303720-F1C2-4A7E-A7B6-EF66D8FCDB63}.Debug.Build.0 = Release|Win32
		{00303720-F1C2-4A7E-A7B6-EF66D8FCDB63}.Release.ActiveCfg = Release|Win32
		{00303720-F1C2-4A7E-A7B6-EF66D8FCDB63}.Release.Build.0 = Release|Win32
		{6A3C2F45-56E8-48F2-879F-4D93E3B1D4F1}.Debug.ActiveCfg = Release|Win32
		{6A3C2F45-56E8-48F2-879F-4D93E3B1D4F1}.Debug.Build.0 = Release|Win32
		{6A3C2F45-56E8-48F2-879F-4D93E3B1D4F1}.Release.ActiveCfg = Release|Win32
		{6A3C2F45-56E8-48F2-879F-4D93E3B1D4F1}.Release.Build.0 = Release|Win32
		{05756E1C-C8EC-4D31-8BA1-B740B27621E9}.Debug.ActiveCfg = Release|Win32
		{05756E1C-C8EC-4D31-8BA1-B740B27621E9}.Debug.Build.0 = Release|Win32
		{05756E1C-C8EC-4D31-8BA1-B740B27621E9}.Release.ActiveCfg = Release|Win32
		{05756E1C-C8EC-4D31-8BA1-B740B27621E9}.Release.Build.0 = Release|Win32
	EndGlobalSection
	GlobalSection(ExtensibilityGlobals) = postSolution
	EndGlobalSection
	GlobalSection(ExtensibilityAddIns) = postSolution
	EndGlobalSection
EndGlobal
